
Microsoft Visual Studio Solution File, Format Version 12.00
# Visual Studio Version 17
VisualStudioVersion = 17.6.33829.357
MinimumVisualStudioVersion = 10.0.40219.1
Project("{FAE04EC0-301F-11D3-BF4B-00C04F79EFBC}") = "Fase2MaycolMuñoz", "Fase2MaycolMuñoz\Fase2MaycolMuñoz.csproj", "{7D87ECF4-5967-482A-9789-AEF9FDDA7BE4}"
EndProject
Global
	GlobalSection(SolutionConfigurationPlatforms) = preSolution
		Debug|Any CPU = Debug|Any CPU
		Release|Any CPU = Release|Any CPU
	EndGlobalSection
	GlobalSection(ProjectConfigurationPlatforms) = postSolution
		{7D87ECF4-5967-482A-9789-AEF9FDDA7BE4}.Debug|Any CPU.ActiveCfg = Debug|Any CPU
		{7D87ECF4-5967-482A-9789-AEF9FDDA7BE4}.Debug|Any CPU.Build.0 = Debug|Any CPU
		{7D87ECF4-5967-482A-9789-AEF9FDDA7BE4}.Release|Any CPU.ActiveCfg = Release|Any CPU
		{7D87ECF4-5967-482A-9789-AEF9FDDA7BE4}.Release|Any CPU.Build.0 = Release|Any CPU
	EndGlobalSection
	GlobalSection(SolutionProperties) = preSolution
		HideSolutionNode = FALSE
	EndGlobalSection
	GlobalSection(ExtensibilityGlobals) = postSolution
		SolutionGuid = {148C298D-C4FE-4647-88EF-97B5F981ED92}
	EndGlobalSection
EndGlobal
